{
  "name": "unpissed-app",
  "version": "0.6.0",
  "lockfileVersion": 3,
  "requires": true,
  "packages": {
    "": {
      "name": "unpissed-app",
      "version": "0.6.0",
      "license": "UNLICENSED",
      "description": "Supabase-backed mobile-first PWA for Unpissed with Leaflet map and geolocation."
    }
  }
}
